#MicroXplorer Configuration settings - do not modify
Mcu.Family=STM32F1
RCC.PLLSourceVirtual=RCC_PLLSOURCE_HSE
ProjectManager.MainLocation=Core/Src
RCC.MCOFreq_Value=72000000
ProjectManager.ProjectFileName=103TX.ioc
PB8.GPIOParameters=GPIO_ModeDefaultEXTI
PD1-OSC_OUT.Mode=HSE-External-Oscillator
ProjectManager.KeepUserCode=true
Mcu.UserName=STM32F103C8Tx
Mcu.PinsNb=14
SPI2.VirtualType=VM_MASTER
PB10.Mode=I2C
ProjectManager.NoMain=false
SH.GPXTI9.0=GPIO_EXTI9
RCC.PLLCLKFreq_Value=72000000
ProjectManager.functionlistsort=1-MX_GPIO_Init-GPIO-false-HAL-true,2-SystemClock_Config-RCC-false-HAL-false,3-MX_TIM4_Init-TIM4-false-HAL-true,4-MX_I2C2_Init-I2C2-false-HAL-true,5-MX_SPI2_Init-SPI2-false-HAL-true
RCC.ADCFreqValue=36000000
ProjectManager.DefaultFWLocation=true
PD0-OSC_IN.Signal=RCC_OSC_IN
PB12.Locked=true
ProjectManager.DeletePrevious=true
RCC.APB1CLKDivider=RCC_HCLK_DIV2
PB11.Signal=I2C2_SDA
PB15.Signal=SPI2_MOSI
PB13.Signal=SPI2_SCK
PinOutPanel.RotationAngle=0
RCC.FamilyName=M
RCC.SYSCLKSource=RCC_SYSCLKSOURCE_PLLCLK
ProjectManager.StackSize=0x400
PD1-OSC_OUT.Signal=RCC_OSC_OUT
PB9.GPIOParameters=GPIO_ModeDefaultEXTI
PA13.Signal=SYS_JTMS-SWDIO
Mcu.IP4=SYS
RCC.FCLKCortexFreq_Value=72000000
Mcu.IP5=TIM4
NVIC.SVCall_IRQn=true\:0\:0\:false\:false\:true\:false\:false
Mcu.IP2=RCC
Mcu.IP3=SPI2
Mcu.IP0=I2C2
Mcu.IP1=NVIC
PB8.GPIO_ModeDefaultEXTI=GPIO_MODE_IT_FALLING
Mcu.UserConstants=
PB11.Mode=I2C
VP_TIM4_VS_ClockSourceINT.Signal=TIM4_VS_ClockSourceINT
ProjectManager.TargetToolchain=MDK-ARM V5.27
TIM4.IPParameters=Prescaler,Period
SPI2.CRCCalculation=SPI_CRCCALCULATION_DISABLE
Mcu.ThirdPartyNb=0
RCC.HCLKFreq_Value=72000000
Mcu.IPNb=6
ProjectManager.PreviousToolchain=
RCC.APB2TimFreq_Value=72000000
PB9.Locked=true
SPI2.IPParameters=VirtualType,Mode,Direction,CalculateBaudRate,CRCCalculation,CLKPhase,BaudRatePrescaler
Mcu.Pin6=PB14
PB9.GPIO_ModeDefaultEXTI=GPIO_MODE_IT_FALLING
Mcu.Pin7=PB15
ProjectManager.RegisterCallBack=
Mcu.Pin8=PA13
RCC.USBFreq_Value=72000000
Mcu.Pin9=PA14
TIM4.Prescaler=17
RCC.AHBFreq_Value=72000000
SPI2.BaudRatePrescaler=SPI_BAUDRATEPRESCALER_16
Mcu.Pin0=PD0-OSC_IN
Mcu.Pin1=PD1-OSC_OUT
GPIO.groupedBy=
Mcu.Pin2=PB10
PB10.Signal=I2C2_SCL
PD0-OSC_IN.Mode=HSE-External-Oscillator
Mcu.Pin3=PB11
Mcu.Pin4=PB12
Mcu.Pin5=PB13
PB14.Signal=SPI2_MISO
ProjectManager.ProjectBuild=false
NVIC.UsageFault_IRQn=true\:0\:0\:false\:false\:true\:false\:false
NVIC.DebugMonitor_IRQn=true\:0\:0\:false\:false\:true\:false\:false
board=custom
NVIC.SysTick_IRQn=true\:0\:0\:false\:false\:true\:false\:true
ProjectManager.LastFirmware=true
RCC.PLLMUL=RCC_PLL_MUL9
PB15.Mode=Full_Duplex_Master
RCC.VCOOutput2Freq_Value=8000000
ProjectManager.FirmwarePackage=STM32Cube FW_F1 V1.8.2
MxDb.Version=DB.6.0.0
RCC.APB2Freq_Value=72000000
ProjectManager.BackupPrevious=false
MxCube.Version=6.0.1
PA14.Mode=Serial_Wire
PB14.Mode=Full_Duplex_Master
File.Version=6
VP_SYS_VS_Systick.Mode=SysTick
SPI2.CalculateBaudRate=2.25 MBits/s
PB8.Locked=true
NVIC.NonMaskableInt_IRQn=true\:0\:0\:false\:false\:true\:false\:false
NVIC.PendSV_IRQn=true\:0\:0\:false\:false\:true\:false\:false
TIM4.Period=249
PA13.Mode=Serial_Wire
ProjectManager.FreePins=false
RCC.IPParameters=ADCFreqValue,AHBFreq_Value,APB1CLKDivider,APB1Freq_Value,APB1TimFreq_Value,APB2Freq_Value,APB2TimFreq_Value,FCLKCortexFreq_Value,FamilyName,HCLKFreq_Value,MCOFreq_Value,PLLCLKFreq_Value,PLLMCOFreq_Value,PLLMUL,PLLSourceVirtual,SYSCLKFreq_VALUE,SYSCLKSource,TimSysFreq_Value,USBFreq_Value,VCOOutput2Freq_Value
ProjectManager.AskForMigrate=true
Mcu.Name=STM32F103C(8-B)Tx
ProjectManager.HalAssertFull=false
ProjectManager.ProjectName=103TX
ProjectManager.UnderRoot=false
RCC.PLLMCOFreq_Value=36000000
ProjectManager.CoupleFile=true
RCC.SYSCLKFreq_VALUE=72000000
Mcu.Package=LQFP48
PB9.Signal=GPXTI9
RCC.TimSysFreq_Value=72000000
SPI2.Mode=SPI_MODE_MASTER
NVIC.ForceEnableDMAVector=true
KeepUserPlacement=false
SH.GPXTI8.0=GPIO_EXTI8
NVIC.MemoryManagement_IRQn=true\:0\:0\:false\:false\:true\:false\:false
ProjectManager.CompilerOptimize=6
ProjectManager.ToolChainLocation=
VP_SYS_VS_Systick.Signal=SYS_VS_Systick
SH.GPXTI9.ConfNb=1
SH.GPXTI8.ConfNb=1
NVIC.EXTI9_5_IRQn=true\:0\:0\:false\:false\:true\:true\:true
PA14.Signal=SYS_JTCK-SWCLK
ProjectManager.HeapSize=0x400
NVIC.HardFault_IRQn=true\:0\:0\:false\:false\:true\:false\:false
Mcu.Pin13=VP_TIM4_VS_ClockSourceINT
SPI2.CLKPhase=SPI_PHASE_2EDGE
ProjectManager.ComputerToolchain=false
VP_TIM4_VS_ClockSourceINT.Mode=Internal
NVIC.PriorityGroup=NVIC_PRIORITYGROUP_4
Mcu.Pin11=PB9
Mcu.Pin12=VP_SYS_VS_Systick
Mcu.Pin10=PB8
RCC.APB1TimFreq_Value=72000000
PB8.Signal=GPXTI8
NVIC.BusFault_IRQn=true\:0\:0\:false\:false\:true\:false\:false
SPI2.Direction=SPI_DIRECTION_2LINES
PB13.Mode=Full_Duplex_Master
NVIC.TIM4_IRQn=true\:0\:0\:false\:false\:true\:true\:true
RCC.APB1Freq_Value=36000000
ProjectManager.CustomerFirmwarePackage=
ProjectManager.DeviceId=STM32F103C8Tx
PB12.Signal=GPIO_Output
ProjectManager.LibraryCopy=0
