#MicroXplorer Configuration settings - do not modify
PB13.GPIOParameters=GPIO_Label
RCC.USART1Freq_Value=108000000
RCC.TIM17Freq_Value=72000000
PE11.GPIOParameters=GPIO_Label
RCC.PLLCLKFreq_Value=216000000
PB14.GPIO_Label=LD3 [Red]
PG6.GPIO_Label=USB_PowerSwitchOn [STMPS2151STR_EN]
PA14.GPIO_Label=TCK
RCC.PLLQCLKFreq_Value=48000000
PD8.Locked=true
RCC.RTCFreq_Value=32000
PC5.Mode=RMII
LWIP.LWIP_COMPAT_SOCKETS=2
PB13.Signal=ETH_TXD1
PG13.Signal=ETH_TXD0
PA2.GPIOParameters=GPIO_Label
LWIP.ETHARP_DEBUG=LWIP_DBG_ON
PinOutPanel.RotationAngle=0
RCC.MCO1PinFreq_Value=16000000
RCC.SYSCLKSource=RCC_SYSCLKSOURCE_PLLCLK
SH.GPXTI13.0=GPIO_EXTI13
USART3.VirtualMode-Asynchronous=VM_ASYNC
RCC.LPTIM1Freq_Value=54000000
NVIC.SVCall_IRQn=true\:0\:0\:false\:false\:false\:false\:true\:false
FREERTOS.INCLUDE_pcTaskGetTaskName=1
USART3.BaudRate=1000000
RCC.LCDTFTFreq_Value=96000000
LWIP.IPParameters=IP_FORWARD,LWIP_NETIF_LOOPBACK,LWIP_DNS,LWIP_NETIF_STATUS_CALLBACK,LWIP_NETIF_EXT_STATUS_CALLBACK,LWIP_NETIF_LINK_CALLBACK,LWIP_TCP_SACK_OUT,LWIP_COMPAT_SOCKETS,LWIP_IPV6,NETIF_DEBUG,ETHARP_DEBUG,SOCKETS_DEBUG,TCP_DEBUG
RCC.I2C4Freq_Value=54000000
RCC.APB2TimFreq_Value=216000000
PH1/OSC_OUT.Signal=RCC_OSC_OUT
RCC.SAI2Freq_Value=192000000
PD8.Signal=USART3_TX
PE10.Locked=true
FREERTOS.configMINIMAL_STACK_SIZE=256
PB13.Locked=true
PE14.Locked=true
RCC.USART3Freq_Value=54000000
RCC.PLLSAIRCLKFreq_Value=192000000
ProjectManager.ProjectBuild=false
PG13.Locked=true
NVIC.UsageFault_IRQn=true\:0\:0\:false\:false\:true\:false\:true\:false
PA8.Locked=true
PH0/OSC_IN.Locked=true
ProjectManager.FirmwarePackage=STM32Cube FW_F7 V1.16.0
MxDb.Version=DB.6.0.0
PB0.GPIOParameters=GPIO_Label
PE15.Locked=true
PA1.GPIOParameters=GPIO_Label
ProjectManager.BackupPrevious=false
PC4.GPIO_Label=RMII_RXD0 [LAN8742A-CZ-TR_RXD0]
PE9.Signal=GPIO_Output
PE9.Locked=true
PH1/OSC_OUT.Locked=true
PF13.Locked=true
PA8.Signal=USB_OTG_FS_SOF
ETH.PHY_Name=LAN8742A_PHY_ADDRESS
NVIC.PendSV_IRQn=true\:15\:0\:false\:false\:false\:true\:true\:false
PC15/OSC32_OUT.Locked=true
PE10.Signal=GPIO_Output
ProjectManager.HalAssertFull=false
RCC.TIM1Freq_Value=72000000
RCC.PLLMCOFreq_Value=72000000
RCC.MCO2PinFreq_Value=216000000
Mcu.Package=LQFP144
RCC.TIM15Freq_Value=72000000
FREERTOS.configUSE_NEWLIB_REENTRANT=0
PG13.GPIOParameters=GPIO_Label
RCC.ADC34outputFreq_Value=72000000
PE10.GPIOParameters=GPIO_Label
PA14.Locked=true
VP_SYS_VS_Systick.Signal=SYS_VS_Systick
USART3.IPParameters=VirtualMode-Asynchronous,BaudRate
PA10.Signal=USB_OTG_FS_ID
PE12.GPIO_Label=LCD_D4
RCC.DFSDMFreq_Value=108000000
PB14.GPIOParameters=GPIO_Label
RCC.APB2CLKDivider=RCC_HCLK_DIV2
RCC.CECFreq_Value=32786.88524590164
PF14.Signal=GPIO_Output
RCC.APB1TimFreq_Value=108000000
NVIC.BusFault_IRQn=true\:0\:0\:false\:false\:true\:false\:true\:false
PB10.GPIOParameters=GPIO_Label
PB13.Mode=RMII
RCC.DFSDMAudioFreq_Value=192000000
PE10.GPIO_Label=LCD_D2
ProjectManager.CustomerFirmwarePackage=
PC4.GPIOParameters=GPIO_Label
PC4.Mode=RMII
RCC.PLLSAIQCLKFreq_Value=192000000
Dma.USART3_RX.0.Instance=DMA1_Stream1
RCC.PLLQoutputFreq_Value=48000000
ProjectManager.ProjectFileName=F767_ETH0711.ioc
RCC.ADC12outputFreq_Value=72000000
FREERTOS.Tasks01=defaultTask,24,256,StartDefaultTask,Default,NULL,Dynamic,NULL,NULL
PD9.GPIO_Label=STLK_TX [STM32F103CBT6_PA2]
Mcu.PinsNb=45
FREERTOS.INCLUDE_xTaskGetCurrentTaskHandle=1
PC13.Locked=true
LWIP.NETIF_DEBUG=LWIP_DBG_ON
PC13.Signal=GPXTI13
PA9.GPIO_Label=USB_VBUS
PB11.GPIO_Label=LCD_RD
PA11.GPIO_Label=USB_DM
PF14.GPIO_Label=LCD_RS
RCC.UART8Freq_Value=54000000
PB14.Locked=true
RCC.APB1CLKDivider=RCC_HCLK_DIV4
PF13.GPIO_Label=LCD_RST
PG13.GPIO_Label=RMII_TXD0 [LAN8742A-CZ-TR_TXD0]
ETH.IPParameters=MediaInterface,PHY_Name,PHY_Value,PhyAddress
RCC.WatchDogFreq_Value=32000
PA11.Locked=true
PA8.GPIO_Label=USB_SOF [TP1]
RCC.USART6Freq_Value=108000000
PE8.GPIO_Label=LCD_D0
LWIP.LWIP_NETIF_LINK_CALLBACK=1
PA9.Signal=USB_OTG_FS_VBUS
PB11.GPIOParameters=GPIO_Label
PE9.GPIO_Label=LCD_D1
PD8.Mode=Asynchronous
PB10.Signal=GPIO_Output
PB14.Signal=GPIO_Output
PG6.GPIOParameters=GPIO_Label
Mcu.Pin40=PB3
Mcu.Pin41=PB7
PE13.GPIOParameters=GPIO_Label
Mcu.Pin44=VP_SYS_VS_Systick
Mcu.Pin42=VP_FREERTOS_VS_CMSIS_V2
Mcu.Pin43=VP_LWIP_VS_Enabled
ProjectManager.LastFirmware=true
PE14.Signal=GPIO_Output
PA1.Mode=RMII
PE15.Signal=GPIO_Output
Mcu.Pin37=PA14
Mcu.Pin38=PG11
RCC.PRESCALERUSB=RCC_USBCLKSOURCE_PLL_DIV1_5
Mcu.Pin35=PA12
RCC.I2C1Freq_Value=54000000
PE8.Signal=GPIO_Output
Mcu.Pin36=PA13
RCC.PLLI2SPCLKFreq_Value=192000000
PG7.GPIO_Label=USB_OverCurrent [STMPS2151STR_FAULT]
Mcu.Pin39=PG13
RCC.RNGFreq_Value=48000000
Mcu.Pin30=PG7
PA1.GPIO_Label=RMII_REF_CLK [LAN8742A-CZ-TR_REFCLK0]
RCC.EthernetFreq_Value=216000000
Mcu.Pin33=PA10
Mcu.Pin34=PA11
Mcu.Pin31=PA8
Mcu.Pin32=PA9
PA9.Locked=true
NVIC.NonMaskableInt_IRQn=true\:0\:0\:false\:false\:true\:false\:true\:false
FREERTOS.INCLUDE_xEventGroupSetBitFromISR=1
PF13.Signal=GPIO_Output
PA13.Mode=Serial_Wire
ProjectManager.FreePins=false
RCC.PLLI2SQCLKFreq_Value=192000000
Mcu.Pin26=PB14
Mcu.Pin27=PD8
RCC.RTCHSEDivFreq_Value=4000000
Mcu.Pin24=PB11
FREERTOS.INCLUDE_uxTaskGetStackHighWaterMark2=1
ProjectManager.UnderRoot=false
PE13.Locked=true
Mcu.Pin25=PB13
Mcu.Pin28=PD9
Mcu.Pin29=PG6
Mcu.Pin22=PE15
ETH.MediaInterface=ETH_MEDIA_INTERFACE_RMII
Mcu.Pin23=PB10
Mcu.Pin20=PE13
Mcu.Pin21=PE14
PE13.GPIO_Label=LCD_D5
PA10.Locked=true
NVIC.ForceEnableDMAVector=true
PA14.GPIOParameters=GPIO_Label
PC14/OSC32_IN.Locked=true
NVIC.MemoryManagement_IRQn=true\:0\:0\:false\:false\:true\:false\:true\:false
ProjectManager.CompilerOptimize=6
PG11.Mode=RMII
PA11.Signal=USB_OTG_FS_DM
ProjectManager.HeapSize=0x1000
Mcu.Pin15=PE8
NVIC.HardFault_IRQn=true\:0\:0\:false\:false\:true\:false\:true\:false
Mcu.Pin16=PE9
LWIP.Version=v2.1.2_Cube
Mcu.Pin13=PF14
Mcu.Pin14=PF15
Mcu.Pin19=PE12
ProjectManager.ComputerToolchain=false
Mcu.Pin17=PE10
Mcu.Pin18=PE11
RCC.TIM3Freq_Value=72000000
NVIC.PriorityGroup=NVIC_PRIORITYGROUP_4
Mcu.Pin11=PB0
Mcu.Pin12=PF13
Mcu.Pin10=PC5
PC15/OSC32_OUT.Signal=RCC_OSC32_OUT
PA8.Mode=Activate_SOF_FS
PE12.GPIOParameters=GPIO_Label
RCC.I2C2Freq_Value=54000000
RCC.SDMMC2Freq_Value=216000000
PB0.Signal=GPIO_Output
PA7.GPIOParameters=GPIO_Label
LWIP.LWIP_TCP_SACK_OUT=1
PC1.Signal=ETH_MDC
PG7.GPIOParameters=GPIO_Label
PH0/OSC_IN.GPIOParameters=GPIO_Label
PC1.Mode=RMII
Mcu.Family=STM32F7
NVIC.USART3_IRQn=true\:5\:0\:false\:false\:true\:true\:true\:true
ProjectManager.MainLocation=Core/Src
RCC.MCOFreq_Value=72000000
Dma.USART3_RX.0.PeriphInc=DMA_PINC_DISABLE
RCC.SAI1Freq_Value=192000000
RCC.CortexFreq_Value=216000000
PG6.Signal=GPIO_Output
ProjectManager.KeepUserCode=true
Mcu.UserName=STM32F767ZITx
PD9.GPIOParameters=GPIO_Label
PE11.GPIO_Label=LCD_D3
PG6.Locked=true
PC5.Locked=true
RCC.SYSCLKSourceVirtual=RCC_SYSCLKSOURCE_PLLCLK
PA12.GPIOParameters=GPIO_Label
ProjectManager.functionlistsort=1-MX_GPIO_Init-GPIO-false-HAL-true,2-MX_DMA_Init-DMA-false-HAL-true,3-SystemClock_Config-RCC-false-HAL-true,4-MX_USART3_UART_Init-USART3-false-HAL-true,5-MX_USB_OTG_FS_USB_Init-USB_OTG_FS-false-HAL-true,6-MX_LWIP_Init-LWIP-false-HAL-false,0-MX_CORTEX_M7_Init-CORTEX_M7-false-HAL-true
PA9.GPIOParameters=GPIO_Label
PA11.GPIOParameters=GPIO_Label
PA11.Mode=OTG/Dual_Role_Device
PB0.GPIO_Label=LD1 [Green]
PC14/OSC32_IN.Mode=LSE-External-Oscillator
RCC.PLLI2SRCLKFreq_Value=192000000
RCC.USART2Freq_Value=54000000
PC13.GPIO_Label=USER_Btn [B1]
PC1.Locked=true
PB13.GPIO_Label=RMII_TXD1 [LAN8742A-CZ-TR_TXD1]
PB11.Signal=GPIO_Output
PD9.Mode=Asynchronous
LWIP.TCP_DEBUG=LWIP_DBG_ON
PG11.Signal=ETH_TX_EN
ProjectManager.StackSize=0x1000
VP_FREERTOS_VS_CMSIS_V2.Mode=CMSIS_V2
RCC.I2C3Freq_Value=54000000
Mcu.IP4=LWIP
Mcu.IP5=NVIC
RCC.FCLKCortexFreq_Value=216000000
Mcu.IP2=ETH
Mcu.IP3=FREERTOS
Mcu.IP0=CORTEX_M7
Mcu.IP1=DMA
PA12.Locked=true
PA12.Signal=USB_OTG_FS_DP
Mcu.UserConstants=
PC1.GPIOParameters=GPIO_Label
RCC.SDMMCFreq_Value=216000000
SH.GPXTI13.ConfNb=1
ETH.PHY_Value=0
Mcu.ThirdPartyNb=0
PH0/OSC_IN.Mode=HSE-External-Clock-Source
RCC.HCLKFreq_Value=216000000
Mcu.IPNb=10
RCC.I2SClocksFreq_Value=48000000
RCC.PLLI2SRoutputFreq_Value=192000000
ProjectManager.PreviousToolchain=
RCC.SPDIFRXFreq_Value=192000000
RCC.VcooutputI2S=48000000
PD8.GPIOParameters=GPIO_Label
PA8.GPIOParameters=GPIO_Label
Mcu.Pin6=PA1
Mcu.Pin7=PA2
Mcu.Pin8=PA7
Mcu.Pin9=PC4
RCC.VCOSAIOutputFreq_Value=384000000
FREERTOS.IPParameters=Tasks01,configMINIMAL_STACK_SIZE,INCLUDE_vTaskCleanUpResources,INCLUDE_xSemaphoreGetMutexHolder,INCLUDE_pcTaskGetTaskName,INCLUDE_xTaskGetCurrentTaskHandle,INCLUDE_xEventGroupSetBitFromISR,INCLUDE_xTaskAbortDelay,INCLUDE_xTaskGetHandle,INCLUDE_uxTaskGetStackHighWaterMark2,configUSE_NEWLIB_REENTRANT
RCC.AHBFreq_Value=216000000
RCC.TIM2Freq_Value=72000000
Mcu.Pin0=PC13
Mcu.Pin1=PC14/OSC32_IN
NVIC.ETH_IRQn=true\:5\:0\:false\:false\:true\:true\:false\:true
Mcu.Pin2=PC15/OSC32_OUT
Mcu.Pin3=PH0/OSC_IN
Mcu.Pin4=PH1/OSC_OUT
Mcu.Pin5=PC1
RCC.HSE_VALUE=8000000
Dma.USART3_RX.0.MemDataAlignment=DMA_MDATAALIGN_BYTE
NVIC.DebugMonitor_IRQn=true\:0\:0\:false\:false\:true\:false\:true\:false
NVIC.SysTick_IRQn=true\:15\:0\:false\:false\:true\:true\:true\:true
RCC.PLLMUL=RCC_PLL_MUL9
PE13.Signal=GPIO_Output
RCC.VCOInputFreq_Value=2000000
PA14.Mode=Serial_Wire
PE8.Locked=true
File.Version=6
PA10.GPIO_Label=USB_ID
Dma.USART3_RX.0.PeriphDataAlignment=DMA_PDATAALIGN_BYTE
PB3.GPIOParameters=GPIO_Label
PB7.Signal=GPIO_Output
Dma.USART3_RX.0.FIFOMode=DMA_FIFOMODE_DISABLE
PG13.Mode=RMII
FREERTOS.INCLUDE_vTaskCleanUpResources=1
PH1/OSC_OUT.Mode=HSE-External-Clock-Source
Dma.RequestsNb=1
PB0.Locked=true
ProjectManager.ProjectName=F767_ETH0711
PA13.GPIOParameters=GPIO_Label
PB7.GPIO_Label=LD2 [Blue]
Dma.USART3_RX.0.Direction=DMA_PERIPH_TO_MEMORY
PA7.Locked=true
FREERTOS.INCLUDE_xTaskAbortDelay=1
PG11.Locked=true
PC14/OSC32_IN.Signal=RCC_OSC32_IN
ProjectManager.ToolChainLocation=
PA2.GPIO_Label=RMII_MDIO [LAN8742A-CZ-TR_MDIO]
LWIP.LWIP_NETIF_LOOPBACK=1
RCC.LSI_VALUE=32000
Dma.USART3_RX.0.MemInc=DMA_MINC_ENABLE
RCC.TIM16Freq_Value=72000000
PC4.Locked=true
PG11.GPIO_Label=RMII_TX_EN [LAN8742A-CZ-TR_TXEN]
PC5.Signal=ETH_RXD1
Dma.Request0=USART3_RX
Dma.USART3_RX.0.RequestParameters=Instance,Direction,PeriphInc,MemInc,PeriphDataAlignment,MemDataAlignment,Mode,Priority,FIFOMode
PF15.GPIOParameters=GPIO_Label
PE12.Locked=true
VP_LWIP_VS_Enabled.Signal=LWIP_VS_Enabled
PB3.Locked=true
PA2.Locked=true
PB3.GPIO_Label=SWO
RCC.I2SFreq_Value=192000000
PE8.GPIOParameters=GPIO_Label
PG7.Locked=true
PA7.Mode=RMII
PG7.Signal=GPIO_Input
RCC.UART7Freq_Value=54000000
PE14.GPIOParameters=GPIO_Label
PA10.Mode=OTG/Dual_Role_Device
ProjectManager.NoMain=false
NVIC.SavedSvcallIrqHandlerGenerated=true
RCC.PLLRFreq_Value=216000000
PC4.Signal=ETH_RXD0
LWIP.LWIP_IPV6=0
ProjectManager.DefaultFWLocation=true
PE14.GPIO_Label=LCD_D6
PD9.Signal=USART3_RX
NVIC.DMA1_Stream1_IRQn=true\:5\:0\:false\:false\:true\:true\:false\:true
ProjectManager.DeletePrevious=true
PB10.Locked=true
RCC.LCDTFToutputFreq_Value=96000000
boardIOC=true
ETH.PhyAddress=0
PA12.GPIO_Label=USB_DP
RCC.FamilyName=M
Dma.USART3_RX.0.Mode=DMA_NORMAL
VP_LWIP_VS_Enabled.Mode=Enabled
LWIP.LWIP_DNS=1
PD8.GPIO_Label=STLK_RX [STM32F103CBT6_PA3]
PE15.GPIOParameters=GPIO_Label
PE9.GPIOParameters=GPIO_Label
PA13.Signal=SYS_JTMS-SWDIO
PA9.Mode=Activate_VBUS
PE15.GPIO_Label=LCD_D7
LWIP.LWIP_NETIF_EXT_STATUS_CALLBACK=1
ProjectManager.TargetToolchain=MDK-ARM V5.27
PB10.GPIO_Label=LCD_BL
PB7.GPIOParameters=GPIO_Label
PC5.GPIOParameters=GPIO_Label
PF15.Locked=true
ProjectManager.RegisterCallBack=
RCC.USBFreq_Value=48000000
RCC.PLLSAIoutputFreq_Value=192000000
PE11.Signal=GPIO_Output
PA1.Signal=ETH_REF_CLK
RCC.VCOI2SOutputFreq_Value=384000000
RCC.PLLSAIPCLKFreq_Value=192000000
board=NUCLEO-F767ZI
RCC.VCOOutputFreq_Value=432000000
PF14.GPIOParameters=GPIO_Label
RCC.VCOOutput2Freq_Value=8000000
PH0/OSC_IN.Signal=RCC_OSC_IN
NVIC.SavedSystickIrqHandlerGenerated=true
RCC.APB2Freq_Value=108000000
RCC.TIM8Freq_Value=72000000
RCC.UART4Freq_Value=54000000
MxCube.Version=6.0.1
PC13.GPIOParameters=GPIO_Label
VP_SYS_VS_Systick.Mode=SysTick
PA10.GPIOParameters=GPIO_Label
PC1.GPIO_Label=RMII_MDC [LAN8742A-CZ-TR_MDC]
PF15.GPIO_Label=LCD_WR
PF15.Signal=GPIO_Output
PF14.Locked=true
RCC.UART5Freq_Value=54000000
RCC.IPParameters=48MHZClocksFreq_Value,ADC12outputFreq_Value,ADC34outputFreq_Value,AHBFreq_Value,APB1CLKDivider,APB1Freq_Value,APB1TimFreq_Value,APB2CLKDivider,APB2Freq_Value,APB2TimFreq_Value,CECFreq_Value,CortexFreq_Value,DFSDMAudioFreq_Value,DFSDMFreq_Value,EthernetFreq_Value,FCLKCortexFreq_Value,FamilyName,HCLKFreq_Value,HSE_VALUE,HSI_VALUE,I2C1Freq_Value,I2C2Freq_Value,I2C3Freq_Value,I2C4Freq_Value,I2SClocksFreq_Value,I2SFreq_Value,LCDTFTFreq_Value,LCDTFToutputFreq_Value,LPTIM1Freq_Value,LSI_VALUE,MCO1PinFreq_Value,MCO2PinFreq_Value,MCOFreq_Value,PLLCLKFreq_Value,PLLI2SPCLKFreq_Value,PLLI2SQCLKFreq_Value,PLLI2SRCLKFreq_Value,PLLI2SRoutputFreq_Value,PLLM,PLLMCOFreq_Value,PLLMUL,PLLN,PLLQ,PLLQCLKFreq_Value,PLLQoutputFreq_Value,PLLRFreq_Value,PLLSAIPCLKFreq_Value,PLLSAIQCLKFreq_Value,PLLSAIRCLKFreq_Value,PLLSAIoutputFreq_Value,PRESCALERUSB,RNGFreq_Value,RTCFreq_Value,RTCHSEDivFreq_Value,SAI1Freq_Value,SAI2Freq_Value,SDMMC2Freq_Value,SDMMCFreq_Value,SPDIFRXFreq_Value,SYSCLKFreq_VALUE,SYSCLKSource,SYSCLKSourceVirtual,TIM15Freq_Value,TIM16Freq_Value,TIM17Freq_Value,TIM1Freq_Value,TIM20Freq_Value,TIM2Freq_Value,TIM3Freq_Value,TIM8Freq_Value,UART4Freq_Value,UART5Freq_Value,UART7Freq_Value,UART8Freq_Value,USART1Freq_Value,USART2Freq_Value,USART3Freq_Value,USART6Freq_Value,USBFreq_Value,VCOI2SOutputFreq_Value,VCOInputFreq_Value,VCOOutput2Freq_Value,VCOOutputFreq_Value,VCOSAIOutputFreq_Value,VcooutputI2S,WatchDogFreq_Value
PE11.Locked=true
ProjectManager.AskForMigrate=true
Mcu.Name=STM32F767ZITx
PE12.Signal=GPIO_Output
FREERTOS.INCLUDE_xSemaphoreGetMutexHolder=1
NVIC.SavedPendsvIrqHandlerGenerated=true
PA13.GPIO_Label=TMS
PA2.Signal=ETH_MDIO
Mcu.IP8=USART3
VP_FREERTOS_VS_CMSIS_V2.Signal=FREERTOS_VS_CMSIS_V2
Mcu.IP9=USB_OTG_FS
Mcu.IP6=RCC
Mcu.IP7=SYS
ProjectManager.CoupleFile=true
RCC.48MHZClocksFreq_Value=24000000
PB3.Signal=SYS_JTDO-SWO
RCC.SYSCLKFreq_VALUE=216000000
Dma.USART3_RX.0.Priority=DMA_PRIORITY_LOW
PA7.GPIO_Label=RMII_CRS_DV [LAN8742A-CZ-TR_CRS_DV]
PA1.Locked=true
LWIP.LWIP_NETIF_STATUS_CALLBACK=1
PA12.Mode=OTG/Dual_Role_Device
KeepUserPlacement=false
PC5.GPIO_Label=RMII_RXD1 [LAN8742A-CZ-TR_RXD1]
LWIP.IP_FORWARD=0
PC15/OSC32_OUT.Mode=LSE-External-Oscillator
PA13.Locked=true
PA14.Signal=SYS_JTCK-SWCLK
FREERTOS.INCLUDE_xTaskGetHandle=1
PF13.GPIOParameters=GPIO_Label
RCC.TIM20Freq_Value=72000000
LWIP.SOCKETS_DEBUG=LWIP_DBG_ON
RCC.HSI_VALUE=16000000
PH0/OSC_IN.GPIO_Label=MCO [STM32F103CBT6_PA8]
RCC.PLLQ=9
RCC.PLLM=4
RCC.PLLN=216
PB7.Locked=true
PA2.Mode=RMII
RCC.APB1Freq_Value=54000000
PD9.Locked=true
PB11.Locked=true
ProjectManager.DeviceId=STM32F767ZITx
ProjectManager.LibraryCopy=0
PG11.GPIOParameters=GPIO_Label
PA7.Signal=ETH_CRS_DV
