#MicroXplorer Configuration settings - do not modify
Mcu.Family=STM32F4
ProjectManager.MainLocation=Core/Src
Dma.SDIO_TX.1.MemInc=DMA_MINC_ENABLE
RCC.CortexFreq_Value=100000000
FATFS._USE_LFN=2
ProjectManager.KeepUserCode=true
Mcu.UserName=STM32F413VGTx
VP_FATFS_VS_SDIO.Mode=SDIO
PC12.Locked=true
PC10.Locked=true
RCC.PLLCLKFreq_Value=100000000
PC12.Signal=SDIO_CK
PC10.Signal=SDIO_D2
RCC.PLLQCLKFreq_Value=50000000
ProjectManager.functionlistsort=1-MX_GPIO_Init-GPIO-false-HAL-true,2-MX_DMA_Init-DMA-false-HAL-true,3-SystemClock_Config-RCC-false-HAL-false,4-MX_SDIO_SD_Init-SDIO-false-HAL-true,5-MX_USART6_UART_Init-USART6-false-HAL-true,6-MX_FATFS_Init-FATFS-false-HAL-false
RCC.PLLI2SRCLKFreq_Value=96000000
PD2.Locked=true
Dma.SDIO_TX.1.PeriphBurst=DMA_PBURST_INC4
PinOutPanel.RotationAngle=0
Dma.SDIO_RX.0.RequestParameters=Instance,Direction,PeriphInc,MemInc,PeriphDataAlignment,MemDataAlignment,Mode,Priority,FIFOMode,FIFOThreshold,MemBurst,PeriphBurst
RCC.SYSCLKSource=RCC_SYSCLKSOURCE_PLLCLK
ProjectManager.StackSize=0x2000
Dma.SDIO_RX.0.Direction=DMA_PERIPH_TO_MEMORY
VP_FREERTOS_VS_CMSIS_V2.Mode=CMSIS_V2
Dma.SDIO_TX.1.Instance=DMA2_Stream6
Dma.SDIO_TX.1.PeriphInc=DMA_PINC_DISABLE
Mcu.IP4=RCC
RCC.FCLKCortexFreq_Value=100000000
Mcu.IP5=SDIO
Mcu.IP2=FREERTOS
NVIC.SVCall_IRQn=true\:0\:0\:false\:false\:false\:false\:false\:false
Mcu.IP3=NVIC
Mcu.IP0=DMA
FREERTOS.configENABLE_FPU=0
Mcu.IP1=FATFS
Dma.SDIO_TX.1.PeriphDataAlignment=DMA_PDATAALIGN_WORD
Mcu.UserConstants=
PH0\ -\ OSC_IN.Signal=RCC_OSC_IN
VP_FATFS_VS_SDIO.Signal=FATFS_VS_SDIO
Mcu.ThirdPartyNb=0
RCC.SDIOFreq_Value=50000000
RCC.HCLKFreq_Value=100000000
Mcu.IPNb=8
ProjectManager.PreviousToolchain=
RCC.APB2TimFreq_Value=100000000
SDIO.IPParameters=ClockDiv
RCC.SAI1BFreq_Value=16000000
PC7.Signal=USART6_RX
RCC.PLLRoutputFreq_Value=100000000
Mcu.Pin6=PC8
Mcu.Pin7=PC9
Dma.SDIO_TX.1.RequestParameters=Instance,Direction,PeriphInc,MemInc,PeriphDataAlignment,MemDataAlignment,Mode,Priority,FIFOMode,FIFOThreshold,MemBurst,PeriphBurst
Mcu.Pin8=PA13
Mcu.Pin9=PA14
FREERTOS.IPParameters=Tasks01,configMINIMAL_STACK_SIZE,configENABLE_FPU,configTOTAL_HEAP_SIZE
Dma.SDIO_TX.1.FIFOMode=DMA_FIFOMODE_ENABLE
FREERTOS.configMINIMAL_STACK_SIZE=1024
RCC.AHBFreq_Value=100000000
Mcu.Pin0=PC14-OSC32_IN
Mcu.Pin1=PC15-OSC32_OUT
GPIO.groupedBy=
Mcu.Pin2=PH0 - OSC_IN
Mcu.Pin3=PH1 - OSC_OUT
Mcu.Pin4=PC6
Mcu.Pin5=PC7
ProjectManager.ProjectBuild=false
RCC.HSE_VALUE=8000000
NVIC.UsageFault_IRQn=true\:6\:0\:true\:false\:true\:false\:false\:false
NVIC.DebugMonitor_IRQn=true\:6\:0\:true\:false\:true\:false\:false\:false
NVIC.SysTick_IRQn=true\:0\:0\:false\:false\:true\:false\:false\:true
RCC.DFSDM2Freq_Value=100000000
Dma.SDIO_TX.1.MemBurst=DMA_MBURST_INC4
ProjectManager.FirmwarePackage=STM32Cube FW_F4 V1.25.1
MxDb.Version=DB.6.0.0
ProjectManager.BackupPrevious=false
PC14-OSC32_IN.Mode=LSE-External-Oscillator
RCC.VCOInputFreq_Value=2000000
PA14.Mode=Serial_Wire
File.Version=6
PC9.Mode=SD_4_bits_Wide_bus
Dma.SDIO_TX.1.Direction=DMA_MEMORY_TO_PERIPH
RCC.PLLRCLKFreq_Value=100000000
NVIC.PendSV_IRQn=true\:0\:0\:false\:false\:false\:false\:false\:false
Dma.SDIO_RX.0.MemDataAlignment=DMA_MDATAALIGN_WORD
Dma.RequestsNb=2
ProjectManager.HalAssertFull=false
FREERTOS.configTOTAL_HEAP_SIZE=102400
ProjectManager.ProjectName=TBoxSdTest
RCC.MCO2PinFreq_Value=100000000
Mcu.Package=LQFP100
RCC.I2S2Freq_Value=96000000
RCC.SAI1AFreq_Value=16000000
USART6.VirtualMode=VM_ASYNC
ProjectManager.ToolChainLocation=
VP_SYS_VS_Systick.Signal=SYS_VS_Systick
RCC.DFSDMFreq_Value=100000000
PC11.Mode=SD_4_bits_Wide_bus
Dma.SDIO_TX.1.FIFOThreshold=DMA_FIFO_THRESHOLD_FULL
Dma.SDIO_TX.1.Priority=DMA_PRIORITY_LOW
Dma.Request1=SDIO_TX
RCC.APB1TimFreq_Value=100000000
NVIC.BusFault_IRQn=true\:6\:0\:true\:false\:true\:false\:false\:false
Dma.SDIO_RX.0.MemBurst=DMA_MBURST_INC4
RCC.DFSDM2AudioFreq_Value=96000000
Dma.SDIO_RX.0.Instance=DMA2_Stream3
RCC.DFSDMAudioFreq_Value=96000000
RCC.LPTimerFreq_Value=50000000
Dma.Request0=SDIO_RX
ProjectManager.CustomerFirmwarePackage=
Dma.SDIO_RX.0.FIFOMode=DMA_FIFOMODE_ENABLE
PC15-OSC32_OUT.Mode=LSE-External-Oscillator
Dma.SDIO_RX.0.Mode=DMA_PFCTRL
Dma.SDIO_RX.0.Priority=DMA_PRIORITY_LOW
RCC.PLLQoutputFreq_Value=50000000
ProjectManager.ProjectFileName=TBoxSdTest.ioc
FREERTOS.Tasks01=defaultTask,24,1024,StartDefaultTask,Default,NULL,Dynamic,NULL,NULL
Mcu.PinsNb=17
ProjectManager.NoMain=false
USART6.IPParameters=VirtualMode
NVIC.SavedSvcallIrqHandlerGenerated=true
PC11.Signal=SDIO_D3
RCC.FMPI2C1Freq_Value=50000000
RCC.VCOI2SInputFreq_Value=1000000
PH1\ -\ OSC_OUT.Mode=HSE-External-Oscillator
PC8.Signal=SDIO_D0
Dma.SDIO_RX.0.PeriphInc=DMA_PINC_DISABLE
PC6.Signal=USART6_TX
PC10.Mode=SD_4_bits_Wide_bus
ProjectManager.DefaultFWLocation=true
ProjectManager.DeletePrevious=true
RCC.APB1CLKDivider=RCC_HCLK_DIV2
PC14-OSC32_IN.Signal=RCC_OSC32_IN
NVIC.SDIO_IRQn=true\:6\:0\:true\:false\:true\:true\:true\:true
RCC.FamilyName=M
NVIC.USART6_IRQn=true\:6\:0\:true\:false\:true\:true\:true\:true
FATFS.IPParameters=_CODE_PAGE,_USE_LFN
PA13.Signal=SYS_JTMS-SWDIO
PH0\ -\ OSC_IN.Mode=HSE-External-Oscillator
Dma.SDIO_TX.1.MemDataAlignment=DMA_MDATAALIGN_WORD
Dma.SDIO_RX.0.MemInc=DMA_MINC_ENABLE
Dma.SDIO_RX.0.FIFOThreshold=DMA_FIFO_THRESHOLD_FULL
ProjectManager.TargetToolchain=MDK-ARM V5.27
FATFS._CODE_PAGE=936
PC6.Mode=Asynchronous
RCC.I2S1Freq_Value=96000000
ProjectManager.RegisterCallBack=
RCC.USBFreq_Value=50000000
SDIO.ClockDiv=8
NVIC.DMA2_Stream3_IRQn=true\:6\:0\:true\:false\:true\:true\:false\:true
NVIC.DMA2_Stream6_IRQn=true\:6\:0\:true\:false\:true\:true\:false\:true
PC15-OSC32_OUT.Signal=RCC_OSC32_OUT
Dma.SDIO_RX.0.PeriphDataAlignment=DMA_PDATAALIGN_WORD
RCC.VCOI2SOutputFreq_Value=192000000
PD2.Mode=SD_4_bits_Wide_bus
PC12.Mode=SD_4_bits_Wide_bus
PH1\ -\ OSC_OUT.Signal=RCC_OSC_OUT
board=custom
RCC.VCOOutputFreq_Value=200000000
ProjectManager.LastFirmware=true
NVIC.SavedSystickIrqHandlerGenerated=true
RCC.APB2Freq_Value=100000000
MxCube.Version=6.0.1
RCC.RNGFreq_Value=50000000
VP_SYS_VS_Systick.Mode=SysTick
NVIC.NonMaskableInt_IRQn=true\:0\:0\:false\:false\:true\:false\:false\:false
Dma.SDIO_TX.1.Mode=DMA_PFCTRL
PA13.Mode=Serial_Wire
ProjectManager.FreePins=false
RCC.IPParameters=AHBFreq_Value,APB1CLKDivider,APB1Freq_Value,APB1TimFreq_Value,APB2Freq_Value,APB2TimFreq_Value,CortexFreq_Value,DFSDM2AudioFreq_Value,DFSDM2Freq_Value,DFSDMAudioFreq_Value,DFSDMFreq_Value,FCLKCortexFreq_Value,FMPI2C1Freq_Value,FamilyName,HCLKFreq_Value,HSE_VALUE,I2S1Freq_Value,I2S2Freq_Value,LPTimerFreq_Value,MCO2PinFreq_Value,PLLCLKFreq_Value,PLLI2SQCLKFreq_Value,PLLI2SRCLKFreq_Value,PLLM,PLLN,PLLQ,PLLQCLKFreq_Value,PLLQoutputFreq_Value,PLLRCLKFreq_Value,PLLRoutputFreq_Value,PWRFreq_Value,RNGFreq_Value,SAI1AFreq_Value,SAI1BFreq_Value,SDIOFreq_Value,SYSCLKFreq_VALUE,SYSCLKSource,USBFreq_Value,VCOI2SInputFreq_Value,VCOI2SOutputFreq_Value,VCOInputFreq_Value,VCOOutputFreq_Value
ProjectManager.AskForMigrate=true
Mcu.Name=STM32F413V(G-H)Tx
RCC.PLLI2SQCLKFreq_Value=96000000
NVIC.SavedPendsvIrqHandlerGenerated=true
ProjectManager.UnderRoot=false
VP_FREERTOS_VS_CMSIS_V2.Signal=FREERTOS_VS_CMSIS_V2
Mcu.IP6=SYS
PC8.Mode=SD_4_bits_Wide_bus
Mcu.IP7=USART6
ProjectManager.CoupleFile=true
RCC.SYSCLKFreq_VALUE=100000000
NVIC.ForceEnableDMAVector=false
KeepUserPlacement=false
NVIC.MemoryManagement_IRQn=true\:6\:0\:true\:false\:true\:false\:false\:false
ProjectManager.CompilerOptimize=6
PA14.Signal=SYS_JTCK-SWCLK
ProjectManager.HeapSize=0x2000
Mcu.Pin15=VP_FREERTOS_VS_CMSIS_V2
NVIC.HardFault_IRQn=true\:0\:0\:false\:false\:true\:false\:false\:false
Mcu.Pin16=VP_SYS_VS_Systick
Mcu.Pin13=PD2
Mcu.Pin14=VP_FATFS_VS_SDIO
ProjectManager.ComputerToolchain=false
RCC.PLLQ=4
NVIC.PriorityGroup=NVIC_PRIORITYGROUP_4
Mcu.Pin11=PC11
Mcu.Pin12=PC12
RCC.PLLM=8
RCC.PLLN=100
Mcu.Pin10=PC10
Dma.SDIO_RX.0.PeriphBurst=DMA_PBURST_INC4
RCC.PWRFreq_Value=100000000
PC9.Signal=SDIO_D1
PC7.Mode=Asynchronous
PD2.Signal=SDIO_CMD
RCC.APB1Freq_Value=50000000
ProjectManager.DeviceId=STM32F413VGTx
ProjectManager.LibraryCopy=0
